// !$*UTF8*$!
{
	archiveVersion = 1;
	classes = {
	};
	objectVersion = 50;
	objects = {

/* Begin PBXBuildFile section */
		181E80BC24AE549200A2E7BF /* AppDelegate.swift in Sources */ = {isa = PBXBuildFile; fileRef = 181E80BB24AE549200A2E7BF /* AppDelegate.swift */; };
		181E80C024AE549200A2E7BF /* ViewController.swift in Sources */ = {isa = PBXBuildFile; fileRef = 181E80BF24AE549200A2E7BF /* ViewController.swift */; };
		181E80C324AE549200A2E7BF /* Main.storyboard in Resources */ = {isa = PBXBuildFile; fileRef = 181E80C124AE549200A2E7BF /* Main.storyboard */; };
		181E80C624AE549200A2E7BF /* Jet2Travel.xcdatamodeld in Sources */ = {isa = PBXBuildFile; fileRef = 181E80C424AE549200A2E7BF /* Jet2Travel.xcdatamodeld */; };
		181E80C824AE549400A2E7BF /* Assets.xcassets in Resources */ = {isa = PBXBuildFile; fileRef = 181E80C724AE549400A2E7BF /* Assets.xcassets */; };
		181E80CB24AE549400A2E7BF /* LaunchScreen.storyboard in Resources */ = {isa = PBXBuildFile; fileRef = 181E80C924AE549400A2E7BF /* LaunchScreen.storyboard */; };
		181E80D624AE549400A2E7BF /* Jet2TravelTests.swift in Sources */ = {isa = PBXBuildFile; fileRef = 181E80D524AE549400A2E7BF /* Jet2TravelTests.swift */; };
		181E80E124AE549400A2E7BF /* Jet2TravelUITests.swift in Sources */ = {isa = PBXBuildFile; fileRef = 181E80E024AE549400A2E7BF /* Jet2TravelUITests.swift */; };
		6C693676AF6158714043F9DF /* Pods_Jet2Travel_Jet2TravelUITests.framework in Frameworks */ = {isa = PBXBuildFile; fileRef = 9FFCDD88B57729BBEEB13B3A /* Pods_Jet2Travel_Jet2TravelUITests.framework */; };
		6F3D31095966CCD9B940F65A /* Pods_Jet2Travel.framework in Frameworks */ = {isa = PBXBuildFile; fileRef = 74164CFB628A31E8AFEBF120 /* Pods_Jet2Travel.framework */; };
		AA25545B17038C9680057B93 /* Pods_Jet2TravelTests.framework in Frameworks */ = {isa = PBXBuildFile; fileRef = EB6C5FE87D153423AB77A3CA /* Pods_Jet2TravelTests.framework */; };
/* End PBXBuildFile section */

/* Begin PBXContainerItemProxy section */
		181E80D224AE549400A2E7BF /* PBXContainerItemProxy */ = {
			isa = PBXContainerItemProxy;
			containerPortal = 181E80B024AE549200A2E7BF /* Project object */;
			proxyType = 1;
			remoteGlobalIDString = 181E80B724AE549200A2E7BF;
			remoteInfo = Jet2Travel;
		};
		181E80DD24AE549400A2E7BF /* PBXContainerItemProxy */ = {
			isa = PBXContainerItemProxy;
			containerPortal = 181E80B024AE549200A2E7BF /* Project object */;
			proxyType = 1;
			remoteGlobalIDString = 181E80B724AE549200A2E7BF;
			remoteInfo = Jet2Travel;
		};
/* End PBXContainerItemProxy section */

/* Begin PBXFileReference section */
		181E80B824AE549200A2E7BF /* Jet2Travel.app */ = {isa = PBXFileReference; explicitFileType = wrapper.application; includeInIndex = 0; path = Jet2Travel.app; sourceTree = BUILT_PRODUCTS_DIR; };
		181E80BB24AE549200A2E7BF /* AppDelegate.swift */ = {isa = PBXFileReference; lastKnownFileType = sourcecode.swift; path = AppDelegate.swift; sourceTree = "<group>"; };
		181E80BF24AE549200A2E7BF /* ViewController.swift */ = {isa = PBXFileReference; lastKnownFileType = sourcecode.swift; path = ViewController.swift; sourceTree = "<group>"; };
		181E80C224AE549200A2E7BF /* Base */ = {isa = PBXFileReference; lastKnownFileType = file.storyboard; name = Base; path = Base.lproj/Main.storyboard; sourceTree = "<group>"; };
		181E80C524AE549200A2E7BF /* Jet2Travel.xcdatamodel */ = {isa = PBXFileReference; lastKnownFileType = wrapper.xcdatamodel; path = Jet2Travel.xcdatamodel; sourceTree = "<group>"; };
		181E80C724AE549400A2E7BF /* Assets.xcassets */ = {isa = PBXFileReference; lastKnownFileType = folder.assetcatalog; path = Assets.xcassets; sourceTree = "<group>"; };
		181E80CA24AE549400A2E7BF /* Base */ = {isa = PBXFileReference; lastKnownFileType = file.storyboard; name = Base; path = Base.lproj/LaunchScreen.storyboard; sourceTree = "<group>"; };
		181E80CC24AE549400A2E7BF /* Info.plist */ = {isa = PBXFileReference; lastKnownFileType = text.plist.xml; path = Info.plist; sourceTree = "<group>"; };
		181E80D124AE549400A2E7BF /* Jet2TravelTests.xctest */ = {isa = PBXFileReference; explicitFileType = wrapper.cfbundle; includeInIndex = 0; path = Jet2TravelTests.xctest; sourceTree = BUILT_PRODUCTS_DIR; };
		181E80D524AE549400A2E7BF /* Jet2TravelTests.swift */ = {isa = PBXFileReference; lastKnownFileType = sourcecode.swift; path = Jet2TravelTests.swift; sourceTree = "<group>"; };
		181E80D724AE549400A2E7BF /* Info.plist */ = {isa = PBXFileReference; lastKnownFileType = text.plist.xml; path = Info.plist; sourceTree = "<group>"; };
		181E80DC24AE549400A2E7BF /* Jet2TravelUITests.xctest */ = {isa = PBXFileReference; explicitFileType = wrapper.cfbundle; includeInIndex = 0; path = Jet2TravelUITests.xctest; sourceTree = BUILT_PRODUCTS_DIR; };
		181E80E024AE549400A2E7BF /* Jet2TravelUITests.swift */ = {isa = PBXFileReference; lastKnownFileType = sourcecode.swift; path = Jet2TravelUITests.swift; sourceTree = "<group>"; };
		181E80E224AE549400A2E7BF /* Info.plist */ = {isa = PBXFileReference; lastKnownFileType = text.plist.xml; path = Info.plist; sourceTree = "<group>"; };
		27C3E99AFF41BA7A6D3EB46C /* Pods-Jet2Travel-Jet2TravelUITests.debug.xcconfig */ = {isa = PBXFileReference; includeInIndex = 1; lastKnownFileType = text.xcconfig; name = "Pods-Jet2Travel-Jet2TravelUITests.debug.xcconfig"; path = "Target Support Files/Pods-Jet2Travel-Jet2TravelUITests/Pods-Jet2Travel-Jet2TravelUITests.debug.xcconfig"; sourceTree = "<group>"; };
		29190D8AD2E725C1E68A88DD /* Pods-Jet2TravelTests.release.xcconfig */ = {isa = PBXFileReference; includeInIndex = 1; lastKnownFileType = text.xcconfig; name = "Pods-Jet2TravelTests.release.xcconfig"; path = "Target Support Files/Pods-Jet2TravelTests/Pods-Jet2TravelTests.release.xcconfig"; sourceTree = "<group>"; };
		5204FAF8E1E11D25466C8018 /* Pods-Jet2Travel.release.xcconfig */ = {isa = PBXFileReference; includeInIndex = 1; lastKnownFileType = text.xcconfig; name = "Pods-Jet2Travel.release.xcconfig"; path = "Target Support Files/Pods-Jet2Travel/Pods-Jet2Travel.release.xcconfig"; sourceTree = "<group>"; };
		6CDA2F68F7103BE2B5632AC1 /* Pods-Jet2TravelTests.debug.xcconfig */ = {isa = PBXFileReference; includeInIndex = 1; lastKnownFileType = text.xcconfig; name = "Pods-Jet2TravelTests.debug.xcconfig"; path = "Target Support Files/Pods-Jet2TravelTests/Pods-Jet2TravelTests.debug.xcconfig"; sourceTree = "<group>"; };
		74164CFB628A31E8AFEBF120 /* Pods_Jet2Travel.framework */ = {isa = PBXFileReference; explicitFileType = wrapper.framework; includeInIndex = 0; path = Pods_Jet2Travel.framework; sourceTree = BUILT_PRODUCTS_DIR; };
		9FFCDD88B57729BBEEB13B3A /* Pods_Jet2Travel_Jet2TravelUITests.framework */ = {isa = PBXFileReference; explicitFileType = wrapper.framework; includeInIndex = 0; path = Pods_Jet2Travel_Jet2TravelUITests.framework; sourceTree = BUILT_PRODUCTS_DIR; };
		AEA0B465CB575CBCD8BD9835 /* Pods-Jet2Travel.debug.xcconfig */ = {isa = PBXFileReference; includeInIndex = 1; lastKnownFileType = text.xcconfig; name = "Pods-Jet2Travel.debug.xcconfig"; path = "Target Support Files/Pods-Jet2Travel/Pods-Jet2Travel.debug.xcconfig"; sourceTree = "<group>"; };
		DD81D4E4A67F8BFBB70E6891 /* Pods-Jet2Travel-Jet2TravelUITests.release.xcconfig */ = {isa = PBXFileReference; includeInIndex = 1; lastKnownFileType = text.xcconfig; name = "Pods-Jet2Travel-Jet2TravelUITests.release.xcconfig"; path = "Target Support Files/Pods-Jet2Travel-Jet2TravelUITests/Pods-Jet2Travel-Jet2TravelUITests.release.xcconfig"; sourceTree = "<group>"; };
		EB6C5FE87D153423AB77A3CA /* Pods_Jet2TravelTests.framework */ = {isa = PBXFileReference; explicitFileType = wrapper.framework; includeInIndex = 0; path = Pods_Jet2TravelTests.framework; sourceTree = BUILT_PRODUCTS_DIR; };
/* End PBXFileReference section */

/* Begin PBXFrameworksBuildPhase section */
		181E80B524AE549200A2E7BF /* Frameworks */ = {
			isa = PBXFrameworksBuildPhase;
			buildActionMask = 2147483647;
			files = (
				6F3D31095966CCD9B940F65A /* Pods_Jet2Travel.framework in Frameworks */,
			);
			runOnlyForDeploymentPostprocessing = 0;
		};
		181E80CE24AE549400A2E7BF /* Frameworks */ = {
			isa = PBXFrameworksBuildPhase;
			buildActionMask = 2147483647;
			files = (
				AA25545B17038C9680057B93 /* Pods_Jet2TravelTests.framework in Frameworks */,
			);
			runOnlyForDeploymentPostprocessing = 0;
		};
		181E80D924AE549400A2E7BF /* Frameworks */ = {
			isa = PBXFrameworksBuildPhase;
			buildActionMask = 2147483647;
			files = (
				6C693676AF6158714043F9DF /* Pods_Jet2Travel_Jet2TravelUITests.framework in Frameworks */,
			);
			runOnlyForDeploymentPostprocessing = 0;
		};
/* End PBXFrameworksBuildPhase section */

/* Begin PBXGroup section */
		181E80AF24AE549200A2E7BF = {
			isa = PBXGroup;
			children = (
				181E80BA24AE549200A2E7BF /* Jet2Travel */,
				181E80D424AE549400A2E7BF /* Jet2TravelTests */,
				181E80DF24AE549400A2E7BF /* Jet2TravelUITests */,
				181E80B924AE549200A2E7BF /* Products */,
				B6586077DD4CAF8C76C1D4D9 /* Pods */,
				827C912C4A2B1BA8CBA728A4 /* Frameworks */,
			);
			sourceTree = "<group>";
		};
		181E80B924AE549200A2E7BF /* Products */ = {
			isa = PBXGroup;
			children = (
				181E80B824AE549200A2E7BF /* Jet2Travel.app */,
				181E80D124AE549400A2E7BF /* Jet2TravelTests.xctest */,
				181E80DC24AE549400A2E7BF /* Jet2TravelUITests.xctest */,
			);
			name = Products;
			sourceTree = "<group>";
		};
		181E80BA24AE549200A2E7BF /* Jet2Travel */ = {
			isa = PBXGroup;
			children = (
				181E80BB24AE549200A2E7BF /* AppDelegate.swift */,
				181E80BF24AE549200A2E7BF /* ViewController.swift */,
				181E80C124AE549200A2E7BF /* Main.storyboard */,
				181E80C724AE549400A2E7BF /* Assets.xcassets */,
				181E80C924AE549400A2E7BF /* LaunchScreen.storyboard */,
				181E80CC24AE549400A2E7BF /* Info.plist */,
				181E80C424AE549200A2E7BF /* Jet2Travel.xcdatamodeld */,
			);
			path = Jet2Travel;
			sourceTree = "<group>";
		};
		181E80D424AE549400A2E7BF /* Jet2TravelTests */ = {
			isa = PBXGroup;
			children = (
				181E80D524AE549400A2E7BF /* Jet2TravelTests.swift */,
				181E80D724AE549400A2E7BF /* Info.plist */,
			);
			path = Jet2TravelTests;
			sourceTree = "<group>";
		};
		181E80DF24AE549400A2E7BF /* Jet2TravelUITests */ = {
			isa = PBXGroup;
			children = (
				181E80E024AE549400A2E7BF /* Jet2TravelUITests.swift */,
				181E80E224AE549400A2E7BF /* Info.plist */,
			);
			path = Jet2TravelUITests;
			sourceTree = "<group>";
		};
		827C912C4A2B1BA8CBA728A4 /* Frameworks */ = {
			isa = PBXGroup;
			children = (
				74164CFB628A31E8AFEBF120 /* Pods_Jet2Travel.framework */,
				9FFCDD88B57729BBEEB13B3A /* Pods_Jet2Travel_Jet2TravelUITests.framework */,
				EB6C5FE87D153423AB77A3CA /* Pods_Jet2TravelTests.framework */,
			);
			name = Frameworks;
			sourceTree = "<group>";
		};
		B6586077DD4CAF8C76C1D4D9 /* Pods */ = {
			isa = PBXGroup;
			children = (
				AEA0B465CB575CBCD8BD9835 /* Pods-Jet2Travel.debug.xcconfig */,
				5204FAF8E1E11D25466C8018 /* Pods-Jet2Travel.release.xcconfig */,
				27C3E99AFF41BA7A6D3EB46C /* Pods-Jet2Travel-Jet2TravelUITests.debug.xcconfig */,
				DD81D4E4A67F8BFBB70E6891 /* Pods-Jet2Travel-Jet2TravelUITests.release.xcconfig */,
				6CDA2F68F7103BE2B5632AC1 /* Pods-Jet2TravelTests.debug.xcconfig */,
				29190D8AD2E725C1E68A88DD /* Pods-Jet2TravelTests.release.xcconfig */,
			);
			name = Pods;
			path = Pods;
			sourceTree = "<group>";
		};
/* End PBXGroup section */

/* Begin PBXNativeTarget section */
		181E80B724AE549200A2E7BF /* Jet2Travel */ = {
			isa = PBXNativeTarget;
			buildConfigurationList = 181E80E524AE549400A2E7BF /* Build configuration list for PBXNativeTarget "Jet2Travel" */;
			buildPhases = (
				8A5CFEF6C864248FE567193C /* [CP] Check Pods Manifest.lock */,
				181E80B424AE549200A2E7BF /* Sources */,
				181E80B524AE549200A2E7BF /* Frameworks */,
				181E80B624AE549200A2E7BF /* Resources */,
				E488D9D1DD3C34BCAFCCE2E3 /* [CP] Embed Pods Frameworks */,
			);
			buildRules = (
			);
			dependencies = (
			);
			name = Jet2Travel;
			productName = Jet2Travel;
			productReference = 181E80B824AE549200A2E7BF /* Jet2Travel.app */;
			productType = "com.apple.product-type.application";
		};
		181E80D024AE549400A2E7BF /* Jet2TravelTests */ = {
			isa = PBXNativeTarget;
			buildConfigurationList = 181E80E824AE549400A2E7BF /* Build configuration list for PBXNativeTarget "Jet2TravelTests" */;
			buildPhases = (
				DFE38C6569CC963B09A1A475 /* [CP] Check Pods Manifest.lock */,
				181E80CD24AE549400A2E7BF /* Sources */,
				181E80CE24AE549400A2E7BF /* Frameworks */,
				181E80CF24AE549400A2E7BF /* Resources */,
			);
			buildRules = (
			);
			dependencies = (
				181E80D324AE549400A2E7BF /* PBXTargetDependency */,
			);
			name = Jet2TravelTests;
			productName = Jet2TravelTests;
			productReference = 181E80D124AE549400A2E7BF /* Jet2TravelTests.xctest */;
			productType = "com.apple.product-type.bundle.unit-test";
		};
		181E80DB24AE549400A2E7BF /* Jet2TravelUITests */ = {
			isa = PBXNativeTarget;
			buildConfigurationList = 181E80EB24AE549400A2E7BF /* Build configuration list for PBXNativeTarget "Jet2TravelUITests" */;
			buildPhases = (
				DF04E58E8DB8385EC531D6DA /* [CP] Check Pods Manifest.lock */,
				181E80D824AE549400A2E7BF /* Sources */,
				181E80D924AE549400A2E7BF /* Frameworks */,
				181E80DA24AE549400A2E7BF /* Resources */,
				06E0A12F529BFFE7A1A9D5B4 /* [CP] Embed Pods Frameworks */,
			);
			buildRules = (
			);
			dependencies = (
				181E80DE24AE549400A2E7BF /* PBXTargetDependency */,
			);
			name = Jet2TravelUITests;
			productName = Jet2TravelUITests;
			productReference = 181E80DC24AE549400A2E7BF /* Jet2TravelUITests.xctest */;
			productType = "com.apple.product-type.bundle.ui-testing";
		};
/* End PBXNativeTarget section */

/* Begin PBXProject section */
		181E80B024AE549200A2E7BF /* Project object */ = {
			isa = PBXProject;
			attributes = {
				LastSwiftUpdateCheck = 1140;
				LastUpgradeCheck = 1140;
				ORGANIZATIONNAME = Tita;
				TargetAttributes = {
					181E80B724AE549200A2E7BF = {
						CreatedOnToolsVersion = 11.4;
					};
					181E80D024AE549400A2E7BF = {
						CreatedOnToolsVersion = 11.4;
						TestTargetID = 181E80B724AE549200A2E7BF;
					};
					181E80DB24AE549400A2E7BF = {
						CreatedOnToolsVersion = 11.4;
						TestTargetID = 181E80B724AE549200A2E7BF;
					};
				};
			};
			buildConfigurationList = 181E80B324AE549200A2E7BF /* Build configuration list for PBXProject "Jet2Travel" */;
			compatibilityVersion = "Xcode 9.3";
			developmentRegion = en;
			hasScannedForEncodings = 0;
			knownRegions = (
				en,
				Base,
			);
			mainGroup = 181E80AF24AE549200A2E7BF;
			productRefGroup = 181E80B924AE549200A2E7BF /* Products */;
			projectDirPath = "";
			projectRoot = "";
			targets = (
				181E80B724AE549200A2E7BF /* Jet2Travel */,
				181E80D024AE549400A2E7BF /* Jet2TravelTests */,
				181E80DB24AE549400A2E7BF /* Jet2TravelUITests */,
			);
		};
/* End PBXProject section */

/* Begin PBXResourcesBuildPhase section */
		181E80B624AE549200A2E7BF /* Resources */ = {
			isa = PBXResourcesBuildPhase;
			buildActionMask = 2147483647;
			files = (
				181E80CB24AE549400A2E7BF /* LaunchScreen.storyboard in Resources */,
				181E80C824AE549400A2E7BF /* Assets.xcassets in Resources */,
				181E80C324AE549200A2E7BF /* Main.storyboard in Resources */,
			);
			runOnlyForDeploymentPostprocessing = 0;
		};
		181E80CF24AE549400A2E7BF /* Resources */ = {
			isa = PBXResourcesBuildPhase;
			buildActionMask = 2147483647;
			files = (
			);
			runOnlyForDeploymentPostprocessing = 0;
		};
		181E80DA24AE549400A2E7BF /* Resources */ = {
			isa = PBXResourcesBuildPhase;
			buildActionMask = 2147483647;
			files = (
			);
			runOnlyForDeploymentPostprocessing = 0;
		};
/* End PBXResourcesBuildPhase section */

/* Begin PBXShellScriptBuildPhase section */
		06E0A12F529BFFE7A1A9D5B4 /* [CP] Embed Pods Frameworks */ = {
			isa = PBXShellScriptBuildPhase;
			buildActionMask = 2147483647;
			files = (
			);
			inputFileListPaths = (
				"${PODS_ROOT}/Target Support Files/Pods-Jet2Travel-Jet2TravelUITests/Pods-Jet2Travel-Jet2TravelUITests-frameworks-${CONFIGURATION}-input-files.xcfilelist",
			);
			name = "[CP] Embed Pods Frameworks";
			outputFileListPaths = (
				"${PODS_ROOT}/Target Support Files/Pods-Jet2Travel-Jet2TravelUITests/Pods-Jet2Travel-Jet2TravelUITests-frameworks-${CONFIGURATION}-output-files.xcfilelist",
			);
			runOnlyForDeploymentPostprocessing = 0;
			shellPath = /bin/sh;
			shellScript = "\"${PODS_ROOT}/Target Support Files/Pods-Jet2Travel-Jet2TravelUITests/Pods-Jet2Travel-Jet2TravelUITests-frameworks.sh\"\n";
			showEnvVarsInLog = 0;
		};
		8A5CFEF6C864248FE567193C /* [CP] Check Pods Manifest.lock */ = {
			isa = PBXShellScriptBuildPhase;
			buildActionMask = 2147483647;
			files = (
			);
			inputFileListPaths = (
			);
			inputPaths = (
				"${PODS_PODFILE_DIR_PATH}/Podfile.lock",
				"${PODS_ROOT}/Manifest.lock",
			);
			name = "[CP] Check Pods Manifest.lock";
			outputFileListPaths = (
			);
			outputPaths = (
				"$(DERIVED_FILE_DIR)/Pods-Jet2Travel-checkManifestLockResult.txt",
			);
			runOnlyForDeploymentPostprocessing = 0;
			shellPath = /bin/sh;
			shellScript = "diff \"${PODS_PODFILE_DIR_PATH}/Podfile.lock\" \"${PODS_ROOT}/Manifest.lock\" > /dev/null\nif [ $? != 0 ] ; then\n    # print error to STDERR\n    echo \"error: The sandbox is not in sync with the Podfile.lock. Run 'pod install' or update your CocoaPods installation.\" >&2\n    exit 1\nfi\n# This output is used by Xcode 'outputs' to avoid re-running this script phase.\necho \"SUCCESS\" > \"${SCRIPT_OUTPUT_FILE_0}\"\n";
			showEnvVarsInLog = 0;
		};
		DF04E58E8DB8385EC531D6DA /* [CP] Check Pods Manifest.lock */ = {
			isa = PBXShellScriptBuildPhase;
			buildActionMask = 2147483647;
			files = (
			);
			inputFileListPaths = (
			);
			inputPaths = (
				"${PODS_PODFILE_DIR_PATH}/Podfile.lock",
				"${PODS_ROOT}/Manifest.lock",
			);
			name = "[CP] Check Pods Manifest.lock";
			outputFileListPaths = (
			);
			outputPaths = (
				"$(DERIVED_FILE_DIR)/Pods-Jet2Travel-Jet2TravelUITests-checkManifestLockResult.txt",
			);
			runOnlyForDeploymentPostprocessing = 0;
			shellPath = /bin/sh;
			shellScript = "diff \"${PODS_PODFILE_DIR_PATH}/Podfile.lock\" \"${PODS_ROOT}/Manifest.lock\" > /dev/null\nif [ $? != 0 ] ; then\n    # print error to STDERR\n    echo \"error: The sandbox is not in sync with the Podfile.lock. Run 'pod install' or update your CocoaPods installation.\" >&2\n    exit 1\nfi\n# This output is used by Xcode 'outputs' to avoid re-running this script phase.\necho \"SUCCESS\" > \"${SCRIPT_OUTPUT_FILE_0}\"\n";
			showEnvVarsInLog = 0;
		};
		DFE38C6569CC963B09A1A475 /* [CP] Check Pods Manifest.lock */ = {
			isa = PBXShellScriptBuildPhase;
			buildActionMask = 2147483647;
			files = (
			);
			inputFileListPaths = (
			);
			inputPaths = (
				"${PODS_PODFILE_DIR_PATH}/Podfile.lock",
				"${PODS_ROOT}/Manifest.lock",
			);
			name = "[CP] Check Pods Manifest.lock";
			outputFileListPaths = (
			);
			outputPaths = (
				"$(DERIVED_FILE_DIR)/Pods-Jet2TravelTests-checkManifestLockResult.txt",
			);
			runOnlyForDeploymentPostprocessing = 0;
			shellPath = /bin/sh;
			shellScript = "diff \"${PODS_PODFILE_DIR_PATH}/Podfile.lock\" \"${PODS_ROOT}/Manifest.lock\" > /dev/null\nif [ $? != 0 ] ; then\n    # print error to STDERR\n    echo \"error: The sandbox is not in sync with the Podfile.lock. Run 'pod install' or update your CocoaPods installation.\" >&2\n    exit 1\nfi\n# This output is used by Xcode 'outputs' to avoid re-running this script phase.\necho \"SUCCESS\" > \"${SCRIPT_OUTPUT_FILE_0}\"\n";
			showEnvVarsInLog = 0;
		};
		E488D9D1DD3C34BCAFCCE2E3 /* [CP] Embed Pods Frameworks */ = {
			isa = PBXShellScriptBuildPhase;
			buildActionMask = 2147483647;
			files = (
			);
			inputFileListPaths = (
				"${PODS_ROOT}/Target Support Files/Pods-Jet2Travel/Pods-Jet2Travel-frameworks-${CONFIGURATION}-input-files.xcfilelist",
			);
			name = "[CP] Embed Pods Frameworks";
			outputFileListPaths = (
				"${PODS_ROOT}/Target Support Files/Pods-Jet2Travel/Pods-Jet2Travel-frameworks-${CONFIGURATION}-output-files.xcfilelist",
			);
			runOnlyForDeploymentPostprocessing = 0;
			shellPath = /bin/sh;
			shellScript = "\"${PODS_ROOT}/Target Support Files/Pods-Jet2Travel/Pods-Jet2Travel-frameworks.sh\"\n";
			showEnvVarsInLog = 0;
		};
/* End PBXShellScriptBuildPhase section */

/* Begin PBXSourcesBuildPhase section */
		181E80B424AE549200A2E7BF /* Sources */ = {
			isa = PBXSourcesBuildPhase;
			buildActionMask = 2147483647;
			files = (
				181E80C024AE549200A2E7BF /* ViewController.swift in Sources */,
				181E80BC24AE549200A2E7BF /* AppDelegate.swift in Sources */,
				181E80C624AE549200A2E7BF /* Jet2Travel.xcdatamodeld in Sources */,
			);
			runOnlyForDeploymentPostprocessing = 0;
		};
		181E80CD24AE549400A2E7BF /* Sources */ = {
			isa = PBXSourcesBuildPhase;
			buildActionMask = 2147483647;
			files = (
				181E80D624AE549400A2E7BF /* Jet2TravelTests.swift in Sources */,
			);
			runOnlyForDeploymentPostprocessing = 0;
		};
		181E80D824AE549400A2E7BF /* Sources */ = {
			isa = PBXSourcesBuildPhase;
			buildActionMask = 2147483647;
			files = (
				181E80E124AE549400A2E7BF /* Jet2TravelUITests.swift in Sources */,
			);
			runOnlyForDeploymentPostprocessing = 0;
		};
/* End PBXSourcesBuildPhase section */

/* Begin PBXTargetDependency section */
		181E80D324AE549400A2E7BF /* PBXTargetDependency */ = {
			isa = PBXTargetDependency;
			target = 181E80B724AE549200A2E7BF /* Jet2Travel */;
			targetProxy = 181E80D224AE549400A2E7BF /* PBXContainerItemProxy */;
		};
		181E80DE24AE549400A2E7BF /* PBXTargetDependency */ = {
			isa = PBXTargetDependency;
			target = 181E80B724AE549200A2E7BF /* Jet2Travel */;
			targetProxy = 181E80DD24AE549400A2E7BF /* PBXContainerItemProxy */;
		};
/* End PBXTargetDependency section */

/* Begin PBXVariantGroup section */
		181E80C124AE549200A2E7BF /* Main.storyboard */ = {
			isa = PBXVariantGroup;
			children = (
				181E80C224AE549200A2E7BF /* Base */,
			);
			name = Main.storyboard;
			sourceTree = "<group>";
		};
		181E80C924AE549400A2E7BF /* LaunchScreen.storyboard */ = {
			isa = PBXVariantGroup;
			children = (
				181E80CA24AE549400A2E7BF /* Base */,
			);
			name = LaunchScreen.storyboard;
			sourceTree = "<group>";
		};
/* End PBXVariantGroup section */

/* Begin XCBuildConfiguration section */
		181E80E324AE549400A2E7BF /* Debug */ = {
			isa = XCBuildConfiguration;
			buildSettings = {
				ALWAYS_SEARCH_USER_PATHS = NO;
				CLANG_ANALYZER_NONNULL = YES;
				CLANG_ANALYZER_NUMBER_OBJECT_CONVERSION = YES_AGGRESSIVE;
				CLANG_CXX_LANGUAGE_STANDARD = "gnu++14";
				CLANG_CXX_LIBRARY = "libc++";
				CLANG_ENABLE_MODULES = YES;
				CLANG_ENABLE_OBJC_ARC = YES;
				CLANG_ENABLE_OBJC_WEAK = YES;
				CLANG_WARN_BLOCK_CAPTURE_AUTORELEASING = YES;
				CLANG_WARN_BOOL_CONVERSION = YES;
				CLANG_WARN_COMMA = YES;
				CLANG_WARN_CONSTANT_CONVERSION = YES;
				CLANG_WARN_DEPRECATED_OBJC_IMPLEMENTATIONS = YES;
				CLANG_WARN_DIRECT_OBJC_ISA_USAGE = YES_ERROR;
				CLANG_WARN_DOCUMENTATION_COMMENTS = YES;
				CLANG_WARN_EMPTY_BODY = YES;
				CLANG_WARN_ENUM_CONVERSION = YES;
				CLANG_WARN_INFINITE_RECURSION = YES;
				CLANG_WARN_INT_CONVERSION = YES;
				CLANG_WARN_NON_LITERAL_NULL_CONVERSION = YES;
				CLANG_WARN_OBJC_IMPLICIT_RETAIN_SELF = YES;
				CLANG_WARN_OBJC_LITERAL_CONVERSION = YES;
				CLANG_WARN_OBJC_ROOT_CLASS = YES_ERROR;
				CLANG_WARN_RANGE_LOOP_ANALYSIS = YES;
				CLANG_WARN_STRICT_PROTOTYPES = YES;
				CLANG_WARN_SUSPICIOUS_MOVE = YES;
				CLANG_WARN_UNGUARDED_AVAILABILITY = YES_AGGRESSIVE;
				CLANG_WARN_UNREACHABLE_CODE = YES;
				CLANG_WARN__DUPLICATE_METHOD_MATCH = YES;
				COPY_PHASE_STRIP = NO;
				DEBUG_INFORMATION_FORMAT = dwarf;
				ENABLE_STRICT_OBJC_MSGSEND = YES;
				ENABLE_TESTABILITY = YES;
				GCC_C_LANGUAGE_STANDARD = gnu11;
				GCC_DYNAMIC_NO_PIC = NO;
				GCC_NO_COMMON_BLOCKS = YES;
				GCC_OPTIMIZATION_LEVEL = 0;
				GCC_PREPROCESSOR_DEFINITIONS = (
					"DEBUG=1",
					"$(inherited)",
				);
				GCC_WARN_64_TO_32_BIT_CONVERSION = YES;
				GCC_WARN_ABOUT_RETURN_TYPE = YES_ERROR;
				GCC_WARN_UNDECLARED_SELECTOR = YES;
				GCC_WARN_UNINITIALIZED_AUTOS = YES_AGGRESSIVE;
				GCC_WARN_UNUSED_FUNCTION = YES;
				GCC_WARN_UNUSED_VARIABLE = YES;
				IPHONEOS_DEPLOYMENT_TARGET = 13.4;
				MTL_ENABLE_DEBUG_INFO = INCLUDE_SOURCE;
				MTL_FAST_MATH = YES;
				ONLY_ACTIVE_ARCH = YES;
				SDKROOT = iphoneos;
				SWIFT_ACTIVE_COMPILATION_CONDITIONS = DEBUG;
				SWIFT_OPTIMIZATION_LEVEL = "-Onone";
			};
			name = Debug;
		};
		181E80E424AE549400A2E7BF /* Release */ = {
			isa = XCBuildConfiguration;
			buildSettings = {
				ALWAYS_SEARCH_USER_PATHS = NO;
				CLANG_ANALYZER_NONNULL = YES;
				CLANG_ANALYZER_NUMBER_OBJECT_CONVERSION = YES_AGGRESSIVE;
				CLANG_CXX_LANGUAGE_STANDARD = "gnu++14";
				CLANG_CXX_LIBRARY = "libc++";
				CLANG_ENABLE_MODULES = YES;
				CLANG_ENABLE_OBJC_ARC = YES;
				CLANG_ENABLE_OBJC_WEAK = YES;
				CLANG_WARN_BLOCK_CAPTURE_AUTORELEASING = YES;
				CLANG_WARN_BOOL_CONVERSION = YES;
				CLANG_WARN_COMMA = YES;
				CLANG_WARN_CONSTANT_CONVERSION = YES;
				CLANG_WARN_DEPRECATED_OBJC_IMPLEMENTATIONS = YES;
				CLANG_WARN_DIRECT_OBJC_ISA_USAGE = YES_ERROR;
				CLANG_WARN_DOCUMENTATION_COMMENTS = YES;
				CLANG_WARN_EMPTY_BODY = YES;
				CLANG_WARN_ENUM_CONVERSION = YES;
				CLANG_WARN_INFINITE_RECURSION = YES;
				CLANG_WARN_INT_CONVERSION = YES;
				CLANG_WARN_NON_LITERAL_NULL_CONVERSION = YES;
				CLANG_WARN_OBJC_IMPLICIT_RETAIN_SELF = YES;
				CLANG_WARN_OBJC_LITERAL_CONVERSION = YES;
				CLANG_WARN_OBJC_ROOT_CLASS = YES_ERROR;
				CLANG_WARN_RANGE_LOOP_ANALYSIS = YES;
				CLANG_WARN_STRICT_PROTOTYPES = YES;
				CLANG_WARN_SUSPICIOUS_MOVE = YES;
				CLANG_WARN_UNGUARDED_AVAILABILITY = YES_AGGRESSIVE;
				CLANG_WARN_UNREACHABLE_CODE = YES;
				CLANG_WARN__DUPLICATE_METHOD_MATCH = YES;
				COPY_PHASE_STRIP = NO;
				DEBUG_INFORMATION_FORMAT = "dwarf-with-dsym";
				ENABLE_NS_ASSERTIONS = NO;
				ENABLE_STRICT_OBJC_MSGSEND = YES;
				GCC_C_LANGUAGE_STANDARD = gnu11;
				GCC_NO_COMMON_BLOCKS = YES;
				GCC_WARN_64_TO_32_BIT_CONVERSION = YES;
				GCC_WARN_ABOUT_RETURN_TYPE = YES_ERROR;
				GCC_WARN_UNDECLARED_SELECTOR = YES;
				GCC_WARN_UNINITIALIZED_AUTOS = YES_AGGRESSIVE;
				GCC_WARN_UNUSED_FUNCTION = YES;
				GCC_WARN_UNUSED_VARIABLE = YES;
				IPHONEOS_DEPLOYMENT_TARGET = 13.4;
				MTL_ENABLE_DEBUG_INFO = NO;
				MTL_FAST_MATH = YES;
				SDKROOT = iphoneos;
				SWIFT_COMPILATION_MODE = wholemodule;
				SWIFT_OPTIMIZATION_LEVEL = "-O";
				VALIDATE_PRODUCT = YES;
			};
			name = Release;
		};
		181E80E624AE549400A2E7BF /* Debug */ = {
			isa = XCBuildConfiguration;
			baseConfigurationReference = AEA0B465CB575CBCD8BD9835 /* Pods-Jet2Travel.debug.xcconfig */;
			buildSettings = {
				ASSETCATALOG_COMPILER_APPICON_NAME = AppIcon;
				CODE_SIGN_STYLE = Automatic;
				INFOPLIST_FILE = Jet2Travel/Info.plist;
				LD_RUNPATH_SEARCH_PATHS = (
					"$(inherited)",
					"@executable_path/Frameworks",
				);
				PRODUCT_BUNDLE_IDENTIFIER = com.tita.Jet2Travel;
				PRODUCT_NAME = "$(TARGET_NAME)";
				SWIFT_VERSION = 5.0;
				TARGETED_DEVICE_FAMILY = 1;
			};
			name = Debug;
		};
		181E80E724AE549400A2E7BF /* Release */ = {
			isa = XCBuildConfiguration;
			baseConfigurationReference = 5204FAF8E1E11D25466C8018 /* Pods-Jet2Travel.release.xcconfig */;
			buildSettings = {
				ASSETCATALOG_COMPILER_APPICON_NAME = AppIcon;
				CODE_SIGN_STYLE = Automatic;
				INFOPLIST_FILE = Jet2Travel/Info.plist;
				LD_RUNPATH_SEARCH_PATHS = (
					"$(inherited)",
					"@executable_path/Frameworks",
				);
				PRODUCT_BUNDLE_IDENTIFIER = com.tita.Jet2Travel;
				PRODUCT_NAME = "$(TARGET_NAME)";
				SWIFT_VERSION = 5.0;
				TARGETED_DEVICE_FAMILY = 1;
			};
			name = Release;
		};
		181E80E924AE549400A2E7BF /* Debug */ = {
			isa = XCBuildConfiguration;
			baseConfigurationReference = 6CDA2F68F7103BE2B5632AC1 /* Pods-Jet2TravelTests.debug.xcconfig */;
			buildSettings = {
				ALWAYS_EMBED_SWIFT_STANDARD_LIBRARIES = YES;
				BUNDLE_LOADER = "$(TEST_HOST)";
				CODE_SIGN_STYLE = Automatic;
				INFOPLIST_FILE = Jet2TravelTests/Info.plist;
				IPHONEOS_DEPLOYMENT_TARGET = 13.4;
				LD_RUNPATH_SEARCH_PATHS = (
					"$(inherited)",
					"@executable_path/Frameworks",
					"@loader_path/Frameworks",
				);
				PRODUCT_BUNDLE_IDENTIFIER = com.tita.Jet2TravelTests;
				PRODUCT_NAME = "$(TARGET_NAME)";
				SWIFT_VERSION = 5.0;
				TARGETED_DEVICE_FAMILY = "1,2";
				TEST_HOST = "$(BUILT_PRODUCTS_DIR)/Jet2Travel.app/Jet2Travel";
			};
			name = Debug;
		};
		181E80EA24AE549400A2E7BF /* Release */ = {
			isa = XCBuildConfiguration;
			baseConfigurationReference = 29190D8AD2E725C1E68A88DD /* Pods-Jet2TravelTests.release.xcconfig */;
			buildSettings = {
				ALWAYS_EMBED_SWIFT_STANDARD_LIBRARIES = YES;
				BUNDLE_LOADER = "$(TEST_HOST)";
				CODE_SIGN_STYLE = Automatic;
				INFOPLIST_FILE = Jet2TravelTests/Info.plist;
				IPHONEOS_DEPLOYMENT_TARGET = 13.4;
				LD_RUNPATH_SEARCH_PATHS = (
					"$(inherited)",
					"@executable_path/Frameworks",
					"@loader_path/Frameworks",
				);
				PRODUCT_BUNDLE_IDENTIFIER = com.tita.Jet2TravelTests;
				PRODUCT_NAME = "$(TARGET_NAME)";
				SWIFT_VERSION = 5.0;
				TARGETED_DEVICE_FAMILY = "1,2";
				TEST_HOST = "$(BUILT_PRODUCTS_DIR)/Jet2Travel.app/Jet2Travel";
			};
			name = Release;
		};
		181E80EC24AE549400A2E7BF /* Debug */ = {
			isa = XCBuildConfiguration;
			baseConfigurationReference = 27C3E99AFF41BA7A6D3EB46C /* Pods-Jet2Travel-Jet2TravelUITests.debug.xcconfig */;
			buildSettings = {
				ALWAYS_EMBED_SWIFT_STANDARD_LIBRARIES = YES;
				CODE_SIGN_STYLE = Automatic;
				INFOPLIST_FILE = Jet2TravelUITests/Info.plist;
				LD_RUNPATH_SEARCH_PATHS = (
					"$(inherited)",
					"@executable_path/Frameworks",
					"@loader_path/Frameworks",
				);
				PRODUCT_BUNDLE_IDENTIFIER = com.tita.Jet2TravelUITests;
				PRODUCT_NAME = "$(TARGET_NAME)";
				SWIFT_VERSION = 5.0;
				TARGETED_DEVICE_FAMILY = "1,2";
				TEST_TARGET_NAME = Jet2Travel;
			};
			name = Debug;
		};
		181E80ED24AE549400A2E7BF /* Release */ = {
			isa = XCBuildConfiguration;
			baseConfigurationReference = DD81D4E4A67F8BFBB70E6891 /* Pods-Jet2Travel-Jet2TravelUITests.release.xcconfig */;
			buildSettings = {
				ALWAYS_EMBED_SWIFT_STANDARD_LIBRARIES = YES;
				CODE_SIGN_STYLE = Automatic;
				INFOPLIST_FILE = Jet2TravelUITests/Info.plist;
				LD_RUNPATH_SEARCH_PATHS = (
					"$(inherited)",
					"@executable_path/Frameworks",
					"@loader_path/Frameworks",
				);
				PRODUCT_BUNDLE_IDENTIFIER = com.tita.Jet2TravelUITests;
				PRODUCT_NAME = "$(TARGET_NAME)";
				SWIFT_VERSION = 5.0;
				TARGETED_DEVICE_FAMILY = "1,2";
				TEST_TARGET_NAME = Jet2Travel;
			};
			name = Release;
		};
/* End XCBuildConfiguration section */

/* Begin XCConfigurationList section */
		181E80B324AE549200A2E7BF /* Build configuration list for PBXProject "Jet2Travel" */ = {
			isa = XCConfigurationList;
			buildConfigurations = (
				181E80E324AE549400A2E7BF /* Debug */,
				181E80E424AE549400A2E7BF /* Release */,
			);
			defaultConfigurationIsVisible = 0;
			defaultConfigurationName = Release;
		};
		181E80E524AE549400A2E7BF /* Build configuration list for PBXNativeTarget "Jet2Travel" */ = {
			isa = XCConfigurationList;
			buildConfigurations = (
				181E80E624AE549400A2E7BF /* Debug */,
				181E80E724AE549400A2E7BF /* Release */,
			);
			defaultConfigurationIsVisible = 0;
			defaultConfigurationName = Release;
		};
		181E80E824AE549400A2E7BF /* Build configuration list for PBXNativeTarget "Jet2TravelTests" */ = {
			isa = XCConfigurationList;
			buildConfigurations = (
				181E80E924AE549400A2E7BF /* Debug */,
				181E80EA24AE549400A2E7BF /* Release */,
			);
			defaultConfigurationIsVisible = 0;
			defaultConfigurationName = Release;
		};
		181E80EB24AE549400A2E7BF /* Build configuration list for PBXNativeTarget "Jet2TravelUITests" */ = {
			isa = XCConfigurationList;
			buildConfigurations = (
				181E80EC24AE549400A2E7BF /* Debug */,
				181E80ED24AE549400A2E7BF /* Release */,
			);
			defaultConfigurationIsVisible = 0;
			defaultConfigurationName = Release;
		};
/* End XCConfigurationList section */

/* Begin XCVersionGroup section */
		181E80C424AE549200A2E7BF /* Jet2Travel.xcdatamodeld */ = {
			isa = XCVersionGroup;
			children = (
				181E80C524AE549200A2E7BF /* Jet2Travel.xcdatamodel */,
			);
			currentVersion = 181E80C524AE549200A2E7BF /* Jet2Travel.xcdatamodel */;
			path = Jet2Travel.xcdatamodeld;
			sourceTree = "<group>";
			versionGroupType = wrapper.xcdatamodel;
		};
/* End XCVersionGroup section */
	};
	rootObject = 181E80B024AE549200A2E7BF /* Project object */;
}
